
Microsoft Visual Studio Solution File, Format Version 12.00
Project("{FAE04EC0-301F-11D3-BF4B-00C04F79EFBC}") = "Letterbook.ActivityPub", "Letterbook.ActivityPub\Letterbook.ActivityPub.csproj", "{AB14DD15-593A-454D-AC78-1D2365EFA2A1}"
EndProject
Project("{FAE04EC0-301F-11D3-BF4B-00C04F79EFBC}") = "Letterbook.ActivityPub.Tests", "Letterbook.ActivityPub.Tests\Letterbook.ActivityPub.Tests.csproj", "{870D8AB7-AD8E-42FA-AD6D-428CE1E470C8}"
EndProject
Project("{2150E333-8FDC-42A3-9474-1A3956D46DE8}") = "Nuget", "Nuget", "{BF63009D-E6E8-4B3A-BF9C-7B5141C71ACE}"
	ProjectSection(SolutionItems) = preProject
		GitVersion.yml = GitVersion.yml
	EndProjectSection
EndProject
Project("{2150E333-8FDC-42A3-9474-1A3956D46DE8}") = "Github", "Github", "{574489AE-2423-4CCE-9A31-FF351C92B4AC}"
	ProjectSection(SolutionItems) = preProject
		.github\workflows\pull_requests.yml = .github\workflows\pull_requests.yml
		.github\workflows\merge.yml = .github\workflows\merge.yml
	EndProjectSection
EndProject
Project("{2150E333-8FDC-42A3-9474-1A3956D46DE8}") = "Development", "Development", "{CB4C9E56-A0E6-4BA4-A646-E7597C61BDFA}"
	ProjectSection(SolutionItems) = preProject
		.gitignore = .gitignore
		readme.md = readme.md
	EndProjectSection
EndProject
Global
	GlobalSection(SolutionConfigurationPlatforms) = preSolution
		Debug|Any CPU = Debug|Any CPU
		Release|Any CPU = Release|Any CPU
	EndGlobalSection
	GlobalSection(ProjectConfigurationPlatforms) = postSolution
		{AB14DD15-593A-454D-AC78-1D2365EFA2A1}.Debug|Any CPU.ActiveCfg = Debug|Any CPU
		{AB14DD15-593A-454D-AC78-1D2365EFA2A1}.Debug|Any CPU.Build.0 = Debug|Any CPU
		{AB14DD15-593A-454D-AC78-1D2365EFA2A1}.Release|Any CPU.ActiveCfg = Release|Any CPU
		{AB14DD15-593A-454D-AC78-1D2365EFA2A1}.Release|Any CPU.Build.0 = Release|Any CPU
		{870D8AB7-AD8E-42FA-AD6D-428CE1E470C8}.Debug|Any CPU.ActiveCfg = Debug|Any CPU
		{870D8AB7-AD8E-42FA-AD6D-428CE1E470C8}.Debug|Any CPU.Build.0 = Debug|Any CPU
		{870D8AB7-AD8E-42FA-AD6D-428CE1E470C8}.Release|Any CPU.ActiveCfg = Release|Any CPU
		{870D8AB7-AD8E-42FA-AD6D-428CE1E470C8}.Release|Any CPU.Build.0 = Release|Any CPU
	EndGlobalSection
EndGlobal
